
Microsoft Visual Studio Solution File, Format Version 12.00
# Visual Studio Version 16
VisualStudioVersion = 16.0.30011.22
MinimumVisualStudioVersion = 10.0.40219.1
Project("{8BC9CEB8-8B4A-11D0-8D11-00A0C91BC942}") = "c++_달력문제", "c++_달력문제\c++_달력문제.vcxproj", "{F2C54170-E590-4C46-9AAF-B33A91002F3E}"
EndProject
Global
	GlobalSection(SolutionConfigurationPlatforms) = preSolution
		Debug|x64 = Debug|x64
		Debug|x86 = Debug|x86
		Release|x64 = Release|x64
		Release|x86 = Release|x86
	EndGlobalSection
	GlobalSection(ProjectConfigurationPlatforms) = postSolution
		{F2C54170-E590-4C46-9AAF-B33A91002F3E}.Debug|x64.ActiveCfg = Debug|x64
		{F2C54170-E590-4C46-9AAF-B33A91002F3E}.Debug|x64.Build.0 = Debug|x64
		{F2C54170-E590-4C46-9AAF-B33A91002F3E}.Debug|x86.ActiveCfg = Debug|Win32
		{F2C54170-E590-4C46-9AAF-B33A91002F3E}.Debug|x86.Build.0 = Debug|Win32
		{F2C54170-E590-4C46-9AAF-B33A91002F3E}.Release|x64.ActiveCfg = Release|x64
		{F2C54170-E590-4C46-9AAF-B33A91002F3E}.Release|x64.Build.0 = Release|x64
		{F2C54170-E590-4C46-9AAF-B33A91002F3E}.Release|x86.ActiveCfg = Release|Win32
		{F2C54170-E590-4C46-9AAF-B33A91002F3E}.Release|x86.Build.0 = Release|Win32
	EndGlobalSection
	GlobalSection(SolutionProperties) = preSolution
		HideSolutionNode = FALSE
	EndGlobalSection
	GlobalSection(ExtensibilityGlobals) = postSolution
		SolutionGuid = {3F37354A-5059-4FC7-B065-9E1809EEE130}
	EndGlobalSection
EndGlobal
